
Microsoft Visual Studio Solution File, Format Version 12.00
# Visual Studio Version 16
VisualStudioVersion = 16.0.30711.63
MinimumVisualStudioVersion = 10.0.40219.1
Project("{FAE04EC0-301F-11D3-BF4B-00C04F79EFBC}") = "WCFTest", "WCFTest.csproj", "{D5FFC8B0-5A76-46C4-9A9F-2EC34E063430}"
EndProject
Project("{FAE04EC0-301F-11D3-BF4B-00C04F79EFBC}") = "ClassLibrary1", "..\ClassLibrary1\ClassLibrary1.csproj", "{1CE756AD-D831-42C2-9234-C0A4F26CA8CD}"
EndProject
Global
	GlobalSection(SolutionConfigurationPlatforms) = preSolution
		Debug|Any CPU = Debug|Any CPU
		Release|Any CPU = Release|Any CPU
	EndGlobalSection
	GlobalSection(ProjectConfigurationPlatforms) = postSolution
		{D5FFC8B0-5A76-46C4-9A9F-2EC34E063430}.Debug|Any CPU.ActiveCfg = Debug|Any CPU
		{D5FFC8B0-5A76-46C4-9A9F-2EC34E063430}.Debug|Any CPU.Build.0 = Debug|Any CPU
		{D5FFC8B0-5A76-46C4-9A9F-2EC34E063430}.Release|Any CPU.ActiveCfg = Release|Any CPU
		{D5FFC8B0-5A76-46C4-9A9F-2EC34E063430}.Release|Any CPU.Build.0 = Release|Any CPU
		{1CE756AD-D831-42C2-9234-C0A4F26CA8CD}.Debug|Any CPU.ActiveCfg = Debug|Any CPU
		{1CE756AD-D831-42C2-9234-C0A4F26CA8CD}.Debug|Any CPU.Build.0 = Debug|Any CPU
		{1CE756AD-D831-42C2-9234-C0A4F26CA8CD}.Release|Any CPU.ActiveCfg = Release|Any CPU
		{1CE756AD-D831-42C2-9234-C0A4F26CA8CD}.Release|Any CPU.Build.0 = Release|Any CPU
	EndGlobalSection
	GlobalSection(SolutionProperties) = preSolution
		HideSolutionNode = FALSE
	EndGlobalSection
	GlobalSection(ExtensibilityGlobals) = postSolution
		SolutionGuid = {2FBF4171-A24E-45D0-9CCD-13F77986C0A7}
	EndGlobalSection
EndGlobal
